// !$*UTF8*$!
{
	archiveVersion = 1;
	classes = {
	};
	objectVersion = 45;
	objects = {

/* Begin PBXAggregateTarget section */
		D2F3DF0C215B6973009F06D8 /* GenerateAppleDoc */ = {
			isa = PBXAggregateTarget;
			buildConfigurationList = D2F3DF0D215B6973009F06D8 /* Build configuration list for PBXAggregateTarget "GenerateAppleDoc" */;
			buildPhases = (
				D2F3DF10215B697E009F06D8 /* GenerateDocShell */,
			);
			dependencies = (
			);
			name = GenerateAppleDoc;
			productName = GenerateAppleDoc;
		};
/* End PBXAggregateTarget section */

/* Begin PBXBuildFile section */
		04E8C8C4215F96A90083FEFE /* QDActionSheet.m in Sources */ = {isa = PBXBuildFile; fileRef = 04E8C8C3215F96A90083FEFE /* QDActionSheet.m */; };
		04E8C8D5215F974E0083FEFE /* QDHUD.m in Sources */ = {isa = PBXBuildFile; fileRef = 04E8C8D4215F974E0083FEFE /* QDHUD.m */; };
		04E8C8D9215F98500083FEFE /* QDAnimationLayer.m in Sources */ = {isa = PBXBuildFile; fileRef = 04E8C8D8215F98500083FEFE /* QDAnimationLayer.m */; };
		04E8C8DC2160738C0083FEFE /* QDBasePickerView.m in Sources */ = {isa = PBXBuildFile; fileRef = 04E8C8DB2160738C0083FEFE /* QDBasePickerView.m */; };
		04E8C8DF2160A29F0083FEFE /* QDSinglePickerView.m in Sources */ = {isa = PBXBuildFile; fileRef = 04E8C8DE2160A29F0083FEFE /* QDSinglePickerView.m */; };
		04E8C8E22160A2CA0083FEFE /* QDDoublePickerView.m in Sources */ = {isa = PBXBuildFile; fileRef = 04E8C8E12160A2CA0083FEFE /* QDDoublePickerView.m */; };
		04E8C8E52160A72E0083FEFE /* QDDatePickerView.m in Sources */ = {isa = PBXBuildFile; fileRef = 04E8C8E42160A72E0083FEFE /* QDDatePickerView.m */; };
		4D47A2F42B4E1EB82857CA8D /* libPods-QDBase.a in Frameworks */ = {isa = PBXBuildFile; fileRef = 7C3C96494A63F5BC18E98F6F /* libPods-QDBase.a */; };
		D25B4647216AF74900B818C7 /* UIView+QDGetViewController.m in Sources */ = {isa = PBXBuildFile; fileRef = D25B4646216AF74900B818C7 /* UIView+QDGetViewController.m */; };
		D29C6C9A211AF9D2009CC81F /* LaunchScreen.storyboard in Resources */ = {isa = PBXBuildFile; fileRef = D29C6C90211AF9D2009CC81F /* LaunchScreen.storyboard */; };
		D29C6C9B211AF9D2009CC81F /* Main.storyboard in Resources */ = {isa = PBXBuildFile; fileRef = D29C6C91211AF9D2009CC81F /* Main.storyboard */; };
		D29C6C9C211AF9D2009CC81F /* Assets.xcassets in Resources */ = {isa = PBXBuildFile; fileRef = D29C6C93211AF9D2009CC81F /* Assets.xcassets */; };
		D29C6C9E211AF9D2009CC81F /* main.m in Sources */ = {isa = PBXBuildFile; fileRef = D29C6C98211AF9D2009CC81F /* main.m */; };
		D29C6C9F211AF9D2009CC81F /* AppDelegate.m in Sources */ = {isa = PBXBuildFile; fileRef = D29C6C99211AF9D2009CC81F /* AppDelegate.m */; };
		D2E6231B215C8520002AE4DB /* UIView+QDFastFrame.m in Sources */ = {isa = PBXBuildFile; fileRef = D2E6231A215C8520002AE4DB /* UIView+QDFastFrame.m */; };
		D2E62345215DDB77002AE4DB /* NullSafe.m in Sources */ = {isa = PBXBuildFile; fileRef = D2E62344215DDB77002AE4DB /* NullSafe.m */; };
		D2E62366215DF513002AE4DB /* NSObject+AvoidCrash.m in Sources */ = {isa = PBXBuildFile; fileRef = D2E62365215DF513002AE4DB /* NSObject+AvoidCrash.m */; };
		D2E6236D215F1ECD002AE4DB /* QDDeviceTool.m in Sources */ = {isa = PBXBuildFile; fileRef = D2E6236C215F1ECD002AE4DB /* QDDeviceTool.m */; };
		D2E62371215F24B1002AE4DB /* NSString+RegexValid.m in Sources */ = {isa = PBXBuildFile; fileRef = D2E62370215F24B1002AE4DB /* NSString+RegexValid.m */; };
		D2E62377215F2B68002AE4DB /* NSObject+Encrypt.m in Sources */ = {isa = PBXBuildFile; fileRef = D2E62376215F2B68002AE4DB /* NSObject+Encrypt.m */; };
		D2E6237B215F5ED8002AE4DB /* test.txt in Resources */ = {isa = PBXBuildFile; fileRef = D2E6237A215F5ED8002AE4DB /* test.txt */; };
		D2F3DF0B215B58B9009F06D8 /* QDDateTool.m in Sources */ = {isa = PBXBuildFile; fileRef = D2F3DF0A215B58B9009F06D8 /* QDDateTool.m */; };
		D2F5B7F521184775008F1DB9 /* ViewController.m in Sources */ = {isa = PBXBuildFile; fileRef = D2F5B7F421184775008F1DB9 /* ViewController.m */; };
		D2F5B80A21184776008F1DB9 /* QDBaseTests.m in Sources */ = {isa = PBXBuildFile; fileRef = D2F5B80921184776008F1DB9 /* QDBaseTests.m */; };
		D2F5B81521184776008F1DB9 /* QDBaseUITests.m in Sources */ = {isa = PBXBuildFile; fileRef = D2F5B81421184776008F1DB9 /* QDBaseUITests.m */; };
		D2F5EEF9214A3BB50036EE2F /* TestTableViewCell.m in Sources */ = {isa = PBXBuildFile; fileRef = D2F5EEF7214A3BB50036EE2F /* TestTableViewCell.m */; };
		D2F5EEFA214A3BB50036EE2F /* TestTableViewCell.xib in Resources */ = {isa = PBXBuildFile; fileRef = D2F5EEF8214A3BB50036EE2F /* TestTableViewCell.xib */; };
		D2F5EF0A214A464E0036EE2F /* QDNetworkWithCache.m in Sources */ = {isa = PBXBuildFile; fileRef = D2F5EEFD214A464E0036EE2F /* QDNetworkWithCache.m */; };
		D2F5EF0B214A464E0036EE2F /* NSObject+QDNetworkParameter.m in Sources */ = {isa = PBXBuildFile; fileRef = D2F5EEFE214A464E0036EE2F /* NSObject+QDNetworkParameter.m */; };
		D2F5EF0C214A464E0036EE2F /* QDCacheSingleton.m in Sources */ = {isa = PBXBuildFile; fileRef = D2F5EF08214A464E0036EE2F /* QDCacheSingleton.m */; };
		D2F5EF2D214A468B0036EE2F /* left@3x.png in Resources */ = {isa = PBXBuildFile; fileRef = D2F5EF0F214A468B0036EE2F /* left@3x.png */; };
		D2F5EF2E214A468B0036EE2F /* left@2x.png in Resources */ = {isa = PBXBuildFile; fileRef = D2F5EF10214A468B0036EE2F /* left@2x.png */; };
		D2F5EF2F214A468B0036EE2F /* 小关闭@3x.png in Resources */ = {isa = PBXBuildFile; fileRef = D2F5EF11214A468B0036EE2F /* 小关闭@3x.png */; };
		D2F5EF30214A468B0036EE2F /* 小关闭@2x.png in Resources */ = {isa = PBXBuildFile; fileRef = D2F5EF12214A468B0036EE2F /* 小关闭@2x.png */; };
		D2F5EF31214A468B0036EE2F /* close_02@2x.png in Resources */ = {isa = PBXBuildFile; fileRef = D2F5EF13214A468B0036EE2F /* close_02@2x.png */; };
		D2F5EF32214A468B0036EE2F /* 小关闭.png in Resources */ = {isa = PBXBuildFile; fileRef = D2F5EF14214A468B0036EE2F /* 小关闭.png */; };
		D2F5EF33214A468B0036EE2F /* close_02@3x.png in Resources */ = {isa = PBXBuildFile; fileRef = D2F5EF15214A468B0036EE2F /* close_02@3x.png */; };
		D2F5EF34214A468B0036EE2F /* QDNavigationViewController.m in Sources */ = {isa = PBXBuildFile; fileRef = D2F5EF17214A468B0036EE2F /* QDNavigationViewController.m */; };
		D2F5EF35214A468B0036EE2F /* QDBaseTableViewController.m in Sources */ = {isa = PBXBuildFile; fileRef = D2F5EF19214A468B0036EE2F /* QDBaseTableViewController.m */; };
		D2F5EF36214A468B0036EE2F /* QDBaseViewController.m in Sources */ = {isa = PBXBuildFile; fileRef = D2F5EF1C214A468B0036EE2F /* QDBaseViewController.m */; };
		D2F5EF37214A468B0036EE2F /* NSObject+QDBaseModel.m in Sources */ = {isa = PBXBuildFile; fileRef = D2F5EF1E214A468B0036EE2F /* NSObject+QDBaseModel.m */; };
		D2F5EF38214A468B0036EE2F /* QDNavigationBarView.m in Sources */ = {isa = PBXBuildFile; fileRef = D2F5EF21214A468B0036EE2F /* QDNavigationBarView.m */; };
		D2F5EF39214A468B0036EE2F /* UITableViewCell+QDBaseTableViewCell.m in Sources */ = {isa = PBXBuildFile; fileRef = D2F5EF22214A468B0036EE2F /* UITableViewCell+QDBaseTableViewCell.m */; };
		D2F5EF3A214A468B0036EE2F /* QDRefreshFooter.m in Sources */ = {isa = PBXBuildFile; fileRef = D2F5EF24214A468B0036EE2F /* QDRefreshFooter.m */; };
		D2F5EF3B214A468B0036EE2F /* QDRefreshHeader.m in Sources */ = {isa = PBXBuildFile; fileRef = D2F5EF25214A468B0036EE2F /* QDRefreshHeader.m */; };
		D2F5EF3C214A468B0036EE2F /* QDRequestResultView.m in Sources */ = {isa = PBXBuildFile; fileRef = D2F5EF2A214A468B0036EE2F /* QDRequestResultView.m */; };
		D2F5EF40214A475A0036EE2F /* QDFactory.m in Sources */ = {isa = PBXBuildFile; fileRef = D2F5EF3E214A475A0036EE2F /* QDFactory.m */; };
		D2F5EF4B214A48C10036EE2F /* UIView+FitTextFont.m in Sources */ = {isa = PBXBuildFile; fileRef = D2F5EF48214A48C10036EE2F /* UIView+FitTextFont.m */; };
		D2F5EF4C214A48C10036EE2F /* UIFont+FitTextFont.m in Sources */ = {isa = PBXBuildFile; fileRef = D2F5EF49214A48C10036EE2F /* UIFont+FitTextFont.m */; };
		D2F5EF59214A5AB10036EE2F /* NSString+Base64.m in Sources */ = {isa = PBXBuildFile; fileRef = D2F5EF51214A5AB10036EE2F /* NSString+Base64.m */; };
		D2F5EF5A214A5AB10036EE2F /* AESCrypt.m in Sources */ = {isa = PBXBuildFile; fileRef = D2F5EF52214A5AB10036EE2F /* AESCrypt.m */; };
		D2F5EF5B214A5AB10036EE2F /* NSData+CommonCrypto.m in Sources */ = {isa = PBXBuildFile; fileRef = D2F5EF57214A5AB10036EE2F /* NSData+CommonCrypto.m */; };
		D2F5EF5C214A5AB10036EE2F /* NSData+Base64.m in Sources */ = {isa = PBXBuildFile; fileRef = D2F5EF58214A5AB10036EE2F /* NSData+Base64.m */; };
/* End PBXBuildFile section */

/* Begin PBXContainerItemProxy section */
		D2F5B80621184776008F1DB9 /* PBXContainerItemProxy */ = {
			isa = PBXContainerItemProxy;
			containerPortal = D2F5B7E521184775008F1DB9 /* Project object */;
			proxyType = 1;
			remoteGlobalIDString = D2F5B7EC21184775008F1DB9;
			remoteInfo = QDBase;
		};
		D2F5B81121184776008F1DB9 /* PBXContainerItemProxy */ = {
			isa = PBXContainerItemProxy;
			containerPortal = D2F5B7E521184775008F1DB9 /* Project object */;
			proxyType = 1;
			remoteGlobalIDString = D2F5B7EC21184775008F1DB9;
			remoteInfo = QDBase;
		};
/* End PBXContainerItemProxy section */

/* Begin PBXFileReference section */
		04E8C8C2215F96A90083FEFE /* QDActionSheet.h */ = {isa = PBXFileReference; fileEncoding = 4; lastKnownFileType = sourcecode.c.h; path = QDActionSheet.h; sourceTree = "<group>"; };
		04E8C8C3215F96A90083FEFE /* QDActionSheet.m */ = {isa = PBXFileReference; fileEncoding = 4; lastKnownFileType = sourcecode.c.objc; path = QDActionSheet.m; sourceTree = "<group>"; };
		04E8C8D3215F974E0083FEFE /* QDHUD.h */ = {isa = PBXFileReference; fileEncoding = 4; lastKnownFileType = sourcecode.c.h; path = QDHUD.h; sourceTree = "<group>"; };
		04E8C8D4215F974E0083FEFE /* QDHUD.m */ = {isa = PBXFileReference; fileEncoding = 4; lastKnownFileType = sourcecode.c.objc; path = QDHUD.m; sourceTree = "<group>"; };
		04E8C8D7215F98500083FEFE /* QDAnimationLayer.h */ = {isa = PBXFileReference; fileEncoding = 4; lastKnownFileType = sourcecode.c.h; path = QDAnimationLayer.h; sourceTree = "<group>"; };
		04E8C8D8215F98500083FEFE /* QDAnimationLayer.m */ = {isa = PBXFileReference; fileEncoding = 4; lastKnownFileType = sourcecode.c.objc; path = QDAnimationLayer.m; sourceTree = "<group>"; };
		04E8C8DA2160738C0083FEFE /* QDBasePickerView.h */ = {isa = PBXFileReference; lastKnownFileType = sourcecode.c.h; path = QDBasePickerView.h; sourceTree = "<group>"; };
		04E8C8DB2160738C0083FEFE /* QDBasePickerView.m */ = {isa = PBXFileReference; lastKnownFileType = sourcecode.c.objc; path = QDBasePickerView.m; sourceTree = "<group>"; };
		04E8C8DD2160A29F0083FEFE /* QDSinglePickerView.h */ = {isa = PBXFileReference; lastKnownFileType = sourcecode.c.h; path = QDSinglePickerView.h; sourceTree = "<group>"; };
		04E8C8DE2160A29F0083FEFE /* QDSinglePickerView.m */ = {isa = PBXFileReference; lastKnownFileType = sourcecode.c.objc; path = QDSinglePickerView.m; sourceTree = "<group>"; };
		04E8C8E02160A2CA0083FEFE /* QDDoublePickerView.h */ = {isa = PBXFileReference; lastKnownFileType = sourcecode.c.h; path = QDDoublePickerView.h; sourceTree = "<group>"; };
		04E8C8E12160A2CA0083FEFE /* QDDoublePickerView.m */ = {isa = PBXFileReference; lastKnownFileType = sourcecode.c.objc; path = QDDoublePickerView.m; sourceTree = "<group>"; };
		04E8C8E32160A72E0083FEFE /* QDDatePickerView.h */ = {isa = PBXFileReference; lastKnownFileType = sourcecode.c.h; path = QDDatePickerView.h; sourceTree = "<group>"; };
		04E8C8E42160A72E0083FEFE /* QDDatePickerView.m */ = {isa = PBXFileReference; lastKnownFileType = sourcecode.c.objc; path = QDDatePickerView.m; sourceTree = "<group>"; };
		3514BEC65FBCD298805DBD52 /* Pods-QDBase.debug.xcconfig */ = {isa = PBXFileReference; includeInIndex = 1; lastKnownFileType = text.xcconfig; name = "Pods-QDBase.debug.xcconfig"; path = "Pods/Target Support Files/Pods-QDBase/Pods-QDBase.debug.xcconfig"; sourceTree = "<group>"; };
		7C3C96494A63F5BC18E98F6F /* libPods-QDBase.a */ = {isa = PBXFileReference; explicitFileType = archive.ar; includeInIndex = 0; path = "libPods-QDBase.a"; sourceTree = BUILT_PRODUCTS_DIR; };
		CD72023648B635964038F48E /* Pods-QDBase.release.xcconfig */ = {isa = PBXFileReference; includeInIndex = 1; lastKnownFileType = text.xcconfig; name = "Pods-QDBase.release.xcconfig"; path = "Pods/Target Support Files/Pods-QDBase/Pods-QDBase.release.xcconfig"; sourceTree = "<group>"; };
		D25B4645216AF74900B818C7 /* UIView+QDGetViewController.h */ = {isa = PBXFileReference; lastKnownFileType = sourcecode.c.h; path = "UIView+QDGetViewController.h"; sourceTree = "<group>"; };
		D25B4646216AF74900B818C7 /* UIView+QDGetViewController.m */ = {isa = PBXFileReference; lastKnownFileType = sourcecode.c.objc; path = "UIView+QDGetViewController.m"; sourceTree = "<group>"; };
		D29C6C90211AF9D2009CC81F /* LaunchScreen.storyboard */ = {isa = PBXFileReference; fileEncoding = 4; lastKnownFileType = file.storyboard; path = LaunchScreen.storyboard; sourceTree = "<group>"; };
		D29C6C91211AF9D2009CC81F /* Main.storyboard */ = {isa = PBXFileReference; fileEncoding = 4; lastKnownFileType = file.storyboard; path = Main.storyboard; sourceTree = "<group>"; };
		D29C6C93211AF9D2009CC81F /* Assets.xcassets */ = {isa = PBXFileReference; lastKnownFileType = folder.assetcatalog; path = Assets.xcassets; sourceTree = "<group>"; };
		D29C6C95211AF9D2009CC81F /* Info.plist */ = {isa = PBXFileReference; fileEncoding = 4; lastKnownFileType = text.plist.xml; path = Info.plist; sourceTree = "<group>"; };
		D29C6C97211AF9D2009CC81F /* AppDelegate.h */ = {isa = PBXFileReference; fileEncoding = 4; lastKnownFileType = sourcecode.c.h; path = AppDelegate.h; sourceTree = "<group>"; };
		D29C6C98211AF9D2009CC81F /* main.m */ = {isa = PBXFileReference; fileEncoding = 4; lastKnownFileType = sourcecode.c.objc; path = main.m; sourceTree = "<group>"; };
		D29C6C99211AF9D2009CC81F /* AppDelegate.m */ = {isa = PBXFileReference; fileEncoding = 4; lastKnownFileType = sourcecode.c.objc; path = AppDelegate.m; sourceTree = "<group>"; };
		D2E62319215C8520002AE4DB /* UIView+QDFastFrame.h */ = {isa = PBXFileReference; lastKnownFileType = sourcecode.c.h; path = "UIView+QDFastFrame.h"; sourceTree = "<group>"; };
		D2E6231A215C8520002AE4DB /* UIView+QDFastFrame.m */ = {isa = PBXFileReference; lastKnownFileType = sourcecode.c.objc; path = "UIView+QDFastFrame.m"; sourceTree = "<group>"; };
		D2E62344215DDB77002AE4DB /* NullSafe.m */ = {isa = PBXFileReference; fileEncoding = 4; lastKnownFileType = sourcecode.c.objc; path = NullSafe.m; sourceTree = "<group>"; };
		D2E62365215DF513002AE4DB /* NSObject+AvoidCrash.m */ = {isa = PBXFileReference; lastKnownFileType = sourcecode.c.objc; path = "NSObject+AvoidCrash.m"; sourceTree = "<group>"; };
		D2E6236B215F1ECD002AE4DB /* QDDeviceTool.h */ = {isa = PBXFileReference; lastKnownFileType = sourcecode.c.h; path = QDDeviceTool.h; sourceTree = "<group>"; };
		D2E6236C215F1ECD002AE4DB /* QDDeviceTool.m */ = {isa = PBXFileReference; lastKnownFileType = sourcecode.c.objc; path = QDDeviceTool.m; sourceTree = "<group>"; };
		D2E6236F215F24B1002AE4DB /* NSString+RegexValid.h */ = {isa = PBXFileReference; lastKnownFileType = sourcecode.c.h; path = "NSString+RegexValid.h"; sourceTree = "<group>"; };
		D2E62370215F24B1002AE4DB /* NSString+RegexValid.m */ = {isa = PBXFileReference; lastKnownFileType = sourcecode.c.objc; path = "NSString+RegexValid.m"; sourceTree = "<group>"; };
		D2E62375215F2B68002AE4DB /* NSObject+Encrypt.h */ = {isa = PBXFileReference; lastKnownFileType = sourcecode.c.h; path = "NSObject+Encrypt.h"; sourceTree = "<group>"; };
		D2E62376215F2B68002AE4DB /* NSObject+Encrypt.m */ = {isa = PBXFileReference; lastKnownFileType = sourcecode.c.objc; path = "NSObject+Encrypt.m"; sourceTree = "<group>"; };
		D2E6237A215F5ED8002AE4DB /* test.txt */ = {isa = PBXFileReference; fileEncoding = 4; lastKnownFileType = text; path = test.txt; sourceTree = "<group>"; };
		D2F3DF09215B58B9009F06D8 /* QDDateTool.h */ = {isa = PBXFileReference; lastKnownFileType = sourcecode.c.h; path = QDDateTool.h; sourceTree = "<group>"; };
		D2F3DF0A215B58B9009F06D8 /* QDDateTool.m */ = {isa = PBXFileReference; lastKnownFileType = sourcecode.c.objc; path = QDDateTool.m; sourceTree = "<group>"; };
		D2F3DF11215B6BE1009F06D8 /* APIMacro.h */ = {isa = PBXFileReference; lastKnownFileType = sourcecode.c.h; path = APIMacro.h; sourceTree = "<group>"; };
		D2F3DF12215B6BF3009F06D8 /* EnumMacro.h */ = {isa = PBXFileReference; lastKnownFileType = sourcecode.c.h; path = EnumMacro.h; sourceTree = "<group>"; };
		D2F3DF13215B6C31009F06D8 /* ExtendMacro.h */ = {isa = PBXFileReference; lastKnownFileType = sourcecode.c.h; path = ExtendMacro.h; sourceTree = "<group>"; };
		D2F3DF14215B6C56009F06D8 /* NameMacro.h */ = {isa = PBXFileReference; lastKnownFileType = sourcecode.c.h; path = NameMacro.h; sourceTree = "<group>"; };
		D2F3DF15215B6C65009F06D8 /* NotificationNameMacro.h */ = {isa = PBXFileReference; lastKnownFileType = sourcecode.c.h; path = NotificationNameMacro.h; sourceTree = "<group>"; };
		D2F3DF16215B6C98009F06D8 /* VendorConfigMacro.h */ = {isa = PBXFileReference; lastKnownFileType = sourcecode.c.h; path = VendorConfigMacro.h; sourceTree = "<group>"; };
		D2F3DF17215B6D40009F06D8 /* UtilsMacro.h */ = {isa = PBXFileReference; lastKnownFileType = sourcecode.c.h; path = UtilsMacro.h; sourceTree = "<group>"; };
		D2F3DF18215B6DC8009F06D8 /* PrefixHeader.pch */ = {isa = PBXFileReference; lastKnownFileType = sourcecode.c.h; path = PrefixHeader.pch; sourceTree = "<group>"; };
		D2F5B7ED21184775008F1DB9 /* QDBase.app */ = {isa = PBXFileReference; explicitFileType = wrapper.application; includeInIndex = 0; path = QDBase.app; sourceTree = BUILT_PRODUCTS_DIR; };
		D2F5B7F321184775008F1DB9 /* ViewController.h */ = {isa = PBXFileReference; lastKnownFileType = sourcecode.c.h; path = ViewController.h; sourceTree = "<group>"; };
		D2F5B7F421184775008F1DB9 /* ViewController.m */ = {isa = PBXFileReference; lastKnownFileType = sourcecode.c.objc; path = ViewController.m; sourceTree = "<group>"; };
		D2F5B80521184776008F1DB9 /* QDBaseTests.xctest */ = {isa = PBXFileReference; explicitFileType = wrapper.cfbundle; includeInIndex = 0; path = QDBaseTests.xctest; sourceTree = BUILT_PRODUCTS_DIR; };
		D2F5B80921184776008F1DB9 /* QDBaseTests.m */ = {isa = PBXFileReference; lastKnownFileType = sourcecode.c.objc; path = QDBaseTests.m; sourceTree = "<group>"; };
		D2F5B80B21184776008F1DB9 /* Info.plist */ = {isa = PBXFileReference; lastKnownFileType = text.plist.xml; path = Info.plist; sourceTree = "<group>"; };
		D2F5B81021184776008F1DB9 /* QDBaseUITests.xctest */ = {isa = PBXFileReference; explicitFileType = wrapper.cfbundle; includeInIndex = 0; path = QDBaseUITests.xctest; sourceTree = BUILT_PRODUCTS_DIR; };
		D2F5B81421184776008F1DB9 /* QDBaseUITests.m */ = {isa = PBXFileReference; lastKnownFileType = sourcecode.c.objc; path = QDBaseUITests.m; sourceTree = "<group>"; };
		D2F5B81621184776008F1DB9 /* Info.plist */ = {isa = PBXFileReference; lastKnownFileType = text.plist.xml; path = Info.plist; sourceTree = "<group>"; };
		D2F5EEF6214A3BB50036EE2F /* TestTableViewCell.h */ = {isa = PBXFileReference; lastKnownFileType = sourcecode.c.h; path = TestTableViewCell.h; sourceTree = "<group>"; };
		D2F5EEF7214A3BB50036EE2F /* TestTableViewCell.m */ = {isa = PBXFileReference; lastKnownFileType = sourcecode.c.objc; path = TestTableViewCell.m; sourceTree = "<group>"; };
		D2F5EEF8214A3BB50036EE2F /* TestTableViewCell.xib */ = {isa = PBXFileReference; lastKnownFileType = file.xib; path = TestTableViewCell.xib; sourceTree = "<group>"; };
		D2F5EEFD214A464E0036EE2F /* QDNetworkWithCache.m */ = {isa = PBXFileReference; fileEncoding = 4; lastKnownFileType = sourcecode.c.objc; path = QDNetworkWithCache.m; sourceTree = "<group>"; };
		D2F5EEFE214A464E0036EE2F /* NSObject+QDNetworkParameter.m */ = {isa = PBXFileReference; fileEncoding = 4; lastKnownFileType = sourcecode.c.objc; path = "NSObject+QDNetworkParameter.m"; sourceTree = "<group>"; };
		D2F5EEFF214A464E0036EE2F /* QDNetworkWithCache.h */ = {isa = PBXFileReference; fileEncoding = 4; lastKnownFileType = sourcecode.c.h; path = QDNetworkWithCache.h; sourceTree = "<group>"; };
		D2F5EF00214A464E0036EE2F /* NSObject+QDNetworkParameter.h */ = {isa = PBXFileReference; fileEncoding = 4; lastKnownFileType = sourcecode.c.h; path = "NSObject+QDNetworkParameter.h"; sourceTree = "<group>"; };
		D2F5EF08214A464E0036EE2F /* QDCacheSingleton.m */ = {isa = PBXFileReference; fileEncoding = 4; lastKnownFileType = sourcecode.c.objc; path = QDCacheSingleton.m; sourceTree = "<group>"; };
		D2F5EF09214A464E0036EE2F /* QDCacheSingleton.h */ = {isa = PBXFileReference; fileEncoding = 4; lastKnownFileType = sourcecode.c.h; path = QDCacheSingleton.h; sourceTree = "<group>"; };
		D2F5EF0F214A468B0036EE2F /* left@3x.png */ = {isa = PBXFileReference; lastKnownFileType = image.png; path = "left@3x.png"; sourceTree = "<group>"; };
		D2F5EF10214A468B0036EE2F /* left@2x.png */ = {isa = PBXFileReference; lastKnownFileType = image.png; path = "left@2x.png"; sourceTree = "<group>"; };
		D2F5EF11214A468B0036EE2F /* 小关闭@3x.png */ = {isa = PBXFileReference; lastKnownFileType = image.png; path = "小关闭@3x.png"; sourceTree = "<group>"; };
		D2F5EF12214A468B0036EE2F /* 小关闭@2x.png */ = {isa = PBXFileReference; lastKnownFileType = image.png; path = "小关闭@2x.png"; sourceTree = "<group>"; };
		D2F5EF13214A468B0036EE2F /* close_02@2x.png */ = {isa = PBXFileReference; lastKnownFileType = image.png; path = "close_02@2x.png"; sourceTree = "<group>"; };
		D2F5EF14214A468B0036EE2F /* 小关闭.png */ = {isa = PBXFileReference; lastKnownFileType = image.png; path = "小关闭.png"; sourceTree = "<group>"; };
		D2F5EF15214A468B0036EE2F /* close_02@3x.png */ = {isa = PBXFileReference; lastKnownFileType = image.png; path = "close_02@3x.png"; sourceTree = "<group>"; };
		D2F5EF17214A468B0036EE2F /* QDNavigationViewController.m */ = {isa = PBXFileReference; fileEncoding = 4; lastKnownFileType = sourcecode.c.objc; path = QDNavigationViewController.m; sourceTree = "<group>"; };
		D2F5EF18214A468B0036EE2F /* QDBaseViewController.h */ = {isa = PBXFileReference; fileEncoding = 4; lastKnownFileType = sourcecode.c.h; path = QDBaseViewController.h; sourceTree = "<group>"; };
		D2F5EF19214A468B0036EE2F /* QDBaseTableViewController.m */ = {isa = PBXFileReference; fileEncoding = 4; lastKnownFileType = sourcecode.c.objc; path = QDBaseTableViewController.m; sourceTree = "<group>"; };
		D2F5EF1A214A468B0036EE2F /* QDNavigationViewController.h */ = {isa = PBXFileReference; fileEncoding = 4; lastKnownFileType = sourcecode.c.h; path = QDNavigationViewController.h; sourceTree = "<group>"; };
		D2F5EF1B214A468B0036EE2F /* QDBaseTableViewController.h */ = {isa = PBXFileReference; fileEncoding = 4; lastKnownFileType = sourcecode.c.h; path = QDBaseTableViewController.h; sourceTree = "<group>"; };
		D2F5EF1C214A468B0036EE2F /* QDBaseViewController.m */ = {isa = PBXFileReference; fileEncoding = 4; lastKnownFileType = sourcecode.c.objc; path = QDBaseViewController.m; sourceTree = "<group>"; };
		D2F5EF1E214A468B0036EE2F /* NSObject+QDBaseModel.m */ = {isa = PBXFileReference; fileEncoding = 4; lastKnownFileType = sourcecode.c.objc; path = "NSObject+QDBaseModel.m"; sourceTree = "<group>"; };
		D2F5EF1F214A468B0036EE2F /* NSObject+QDBaseModel.h */ = {isa = PBXFileReference; fileEncoding = 4; lastKnownFileType = sourcecode.c.h; path = "NSObject+QDBaseModel.h"; sourceTree = "<group>"; };
		D2F5EF21214A468B0036EE2F /* QDNavigationBarView.m */ = {isa = PBXFileReference; fileEncoding = 4; lastKnownFileType = sourcecode.c.objc; path = QDNavigationBarView.m; sourceTree = "<group>"; };
		D2F5EF22214A468B0036EE2F /* UITableViewCell+QDBaseTableViewCell.m */ = {isa = PBXFileReference; fileEncoding = 4; lastKnownFileType = sourcecode.c.objc; path = "UITableViewCell+QDBaseTableViewCell.m"; sourceTree = "<group>"; };
		D2F5EF24214A468B0036EE2F /* QDRefreshFooter.m */ = {isa = PBXFileReference; fileEncoding = 4; lastKnownFileType = sourcecode.c.objc; path = QDRefreshFooter.m; sourceTree = "<group>"; };
		D2F5EF25214A468B0036EE2F /* QDRefreshHeader.m */ = {isa = PBXFileReference; fileEncoding = 4; lastKnownFileType = sourcecode.c.objc; path = QDRefreshHeader.m; sourceTree = "<group>"; };
		D2F5EF26214A468B0036EE2F /* QDRefreshHeader.h */ = {isa = PBXFileReference; fileEncoding = 4; lastKnownFileType = sourcecode.c.h; path = QDRefreshHeader.h; sourceTree = "<group>"; };
		D2F5EF27214A468B0036EE2F /* QDRefreshFooter.h */ = {isa = PBXFileReference; fileEncoding = 4; lastKnownFileType = sourcecode.c.h; path = QDRefreshFooter.h; sourceTree = "<group>"; };
		D2F5EF28214A468B0036EE2F /* QDNavigationBarView.h */ = {isa = PBXFileReference; fileEncoding = 4; lastKnownFileType = sourcecode.c.h; path = QDNavigationBarView.h; sourceTree = "<group>"; };
		D2F5EF2A214A468B0036EE2F /* QDRequestResultView.m */ = {isa = PBXFileReference; fileEncoding = 4; lastKnownFileType = sourcecode.c.objc; path = QDRequestResultView.m; sourceTree = "<group>"; };
		D2F5EF2B214A468B0036EE2F /* QDRequestResultView.h */ = {isa = PBXFileReference; fileEncoding = 4; lastKnownFileType = sourcecode.c.h; path = QDRequestResultView.h; sourceTree = "<group>"; };
		D2F5EF2C214A468B0036EE2F /* UITableViewCell+QDBaseTableViewCell.h */ = {isa = PBXFileReference; fileEncoding = 4; lastKnownFileType = sourcecode.c.h; path = "UITableViewCell+QDBaseTableViewCell.h"; sourceTree = "<group>"; };
		D2F5EF3E214A475A0036EE2F /* QDFactory.m */ = {isa = PBXFileReference; fileEncoding = 4; lastKnownFileType = sourcecode.c.objc; path = QDFactory.m; sourceTree = "<group>"; };
		D2F5EF3F214A475A0036EE2F /* QDFactory.h */ = {isa = PBXFileReference; fileEncoding = 4; lastKnownFileType = sourcecode.c.h; path = QDFactory.h; sourceTree = "<group>"; };
		D2F5EF48214A48C10036EE2F /* UIView+FitTextFont.m */ = {isa = PBXFileReference; fileEncoding = 4; lastKnownFileType = sourcecode.c.objc; path = "UIView+FitTextFont.m"; sourceTree = "<group>"; };
		D2F5EF49214A48C10036EE2F /* UIFont+FitTextFont.m */ = {isa = PBXFileReference; fileEncoding = 4; lastKnownFileType = sourcecode.c.objc; path = "UIFont+FitTextFont.m"; sourceTree = "<group>"; };
		D2F5EF51214A5AB10036EE2F /* NSString+Base64.m */ = {isa = PBXFileReference; fileEncoding = 4; lastKnownFileType = sourcecode.c.objc; path = "NSString+Base64.m"; sourceTree = "<group>"; };
		D2F5EF52214A5AB10036EE2F /* AESCrypt.m */ = {isa = PBXFileReference; fileEncoding = 4; lastKnownFileType = sourcecode.c.objc; path = AESCrypt.m; sourceTree = "<group>"; };
		D2F5EF53214A5AB10036EE2F /* NSData+Base64.h */ = {isa = PBXFileReference; fileEncoding = 4; lastKnownFileType = sourcecode.c.h; path = "NSData+Base64.h"; sourceTree = "<group>"; };
		D2F5EF54214A5AB10036EE2F /* NSData+CommonCrypto.h */ = {isa = PBXFileReference; fileEncoding = 4; lastKnownFileType = sourcecode.c.h; path = "NSData+CommonCrypto.h"; sourceTree = "<group>"; };
		D2F5EF55214A5AB10036EE2F /* AESCrypt.h */ = {isa = PBXFileReference; fileEncoding = 4; lastKnownFileType = sourcecode.c.h; path = AESCrypt.h; sourceTree = "<group>"; };
		D2F5EF56214A5AB10036EE2F /* NSString+Base64.h */ = {isa = PBXFileReference; fileEncoding = 4; lastKnownFileType = sourcecode.c.h; path = "NSString+Base64.h"; sourceTree = "<group>"; };
		D2F5EF57214A5AB10036EE2F /* NSData+CommonCrypto.m */ = {isa = PBXFileReference; fileEncoding = 4; lastKnownFileType = sourcecode.c.objc; path = "NSData+CommonCrypto.m"; sourceTree = "<group>"; };
		D2F5EF58214A5AB10036EE2F /* NSData+Base64.m */ = {isa = PBXFileReference; fileEncoding = 4; lastKnownFileType = sourcecode.c.objc; path = "NSData+Base64.m"; sourceTree = "<group>"; };
/* End PBXFileReference section */

/* Begin PBXFrameworksBuildPhase section */
		D2F5B7EA21184775008F1DB9 /* Frameworks */ = {
			isa = PBXFrameworksBuildPhase;
			buildActionMask = 2147483647;
			files = (
				4D47A2F42B4E1EB82857CA8D /* libPods-QDBase.a in Frameworks */,
			);
			runOnlyForDeploymentPostprocessing = 0;
		};
		D2F5B80221184776008F1DB9 /* Frameworks */ = {
			isa = PBXFrameworksBuildPhase;
			buildActionMask = 2147483647;
			files = (
			);
			runOnlyForDeploymentPostprocessing = 0;
		};
		D2F5B80D21184776008F1DB9 /* Frameworks */ = {
			isa = PBXFrameworksBuildPhase;
			buildActionMask = 2147483647;
			files = (
			);
			runOnlyForDeploymentPostprocessing = 0;
		};
/* End PBXFrameworksBuildPhase section */

/* Begin PBXGroup section */
		04E8C8C1215F96A90083FEFE /* QDActionSheet */ = {
			isa = PBXGroup;
			children = (
				04E8C8C2215F96A90083FEFE /* QDActionSheet.h */,
				04E8C8C3215F96A90083FEFE /* QDActionSheet.m */,
			);
			path = QDActionSheet;
			sourceTree = "<group>";
		};
		04E8C8C5215F97070083FEFE /* QDPickerView */ = {
			isa = PBXGroup;
			children = (
				04E8C8DA2160738C0083FEFE /* QDBasePickerView.h */,
				04E8C8DB2160738C0083FEFE /* QDBasePickerView.m */,
				04E8C8DD2160A29F0083FEFE /* QDSinglePickerView.h */,
				04E8C8DE2160A29F0083FEFE /* QDSinglePickerView.m */,
				04E8C8E02160A2CA0083FEFE /* QDDoublePickerView.h */,
				04E8C8E12160A2CA0083FEFE /* QDDoublePickerView.m */,
				04E8C8E32160A72E0083FEFE /* QDDatePickerView.h */,
				04E8C8E42160A72E0083FEFE /* QDDatePickerView.m */,
			);
			path = QDPickerView;
			sourceTree = "<group>";
		};
		04E8C8D2215F974E0083FEFE /* QDHUD */ = {
			isa = PBXGroup;
			children = (
				04E8C8D6215F98500083FEFE /* AnimationLayer */,
				04E8C8D3215F974E0083FEFE /* QDHUD.h */,
				04E8C8D4215F974E0083FEFE /* QDHUD.m */,
			);
			path = QDHUD;
			sourceTree = "<group>";
		};
		04E8C8D6215F98500083FEFE /* AnimationLayer */ = {
			isa = PBXGroup;
			children = (
				04E8C8D7215F98500083FEFE /* QDAnimationLayer.h */,
				04E8C8D8215F98500083FEFE /* QDAnimationLayer.m */,
			);
			path = AnimationLayer;
			sourceTree = "<group>";
		};
		3EC404E1EF24FDBE935608CA /* Pods */ = {
			isa = PBXGroup;
			children = (
				3514BEC65FBCD298805DBD52 /* Pods-QDBase.debug.xcconfig */,
				CD72023648B635964038F48E /* Pods-QDBase.release.xcconfig */,
			);
			name = Pods;
			sourceTree = "<group>";
		};
		5A9ADD1EE5969405124D2C1D /* Frameworks */ = {
			isa = PBXGroup;
			children = (
				7C3C96494A63F5BC18E98F6F /* libPods-QDBase.a */,
			);
			name = Frameworks;
			sourceTree = "<group>";
		};
		D25B4644216AF72800B818C7 /* GetViewController */ = {
			isa = PBXGroup;
			children = (
				D25B4645216AF74900B818C7 /* UIView+QDGetViewController.h */,
				D25B4646216AF74900B818C7 /* UIView+QDGetViewController.m */,
			);
			path = GetViewController;
			sourceTree = "<group>";
		};
		D29C6C80211AF9A8009CC81F /* VendorLibraries */ = {
			isa = PBXGroup;
			children = (
				D2E6237A215F5ED8002AE4DB /* test.txt */,
			);
			path = VendorLibraries;
			sourceTree = "<group>";
		};
		D29C6C8E211AF9D2009CC81F /* Resource */ = {
			isa = PBXGroup;
			children = (
				D29C6C8F211AF9D2009CC81F /* Storyboards */,
				D29C6C92211AF9D2009CC81F /* Images */,
				D29C6C94211AF9D2009CC81F /* Plists */,
				D29C6C96211AF9D2009CC81F /* Main */,
			);
			path = Resource;
			sourceTree = "<group>";
		};
		D29C6C8F211AF9D2009CC81F /* Storyboards */ = {
			isa = PBXGroup;
			children = (
				D29C6C90211AF9D2009CC81F /* LaunchScreen.storyboard */,
				D29C6C91211AF9D2009CC81F /* Main.storyboard */,
			);
			path = Storyboards;
			sourceTree = "<group>";
		};
		D29C6C92211AF9D2009CC81F /* Images */ = {
			isa = PBXGroup;
			children = (
				D29C6C93211AF9D2009CC81F /* Assets.xcassets */,
			);
			path = Images;
			sourceTree = "<group>";
		};
		D29C6C94211AF9D2009CC81F /* Plists */ = {
			isa = PBXGroup;
			children = (
				D29C6C95211AF9D2009CC81F /* Info.plist */,
			);
			path = Plists;
			sourceTree = "<group>";
		};
		D29C6C96211AF9D2009CC81F /* Main */ = {
			isa = PBXGroup;
			children = (
				D29C6C97211AF9D2009CC81F /* AppDelegate.h */,
				D29C6C99211AF9D2009CC81F /* AppDelegate.m */,
				D29C6C98211AF9D2009CC81F /* main.m */,
			);
			path = Main;
			sourceTree = "<group>";
		};
		D2E62318215C850C002AE4DB /* FastFrame */ = {
			isa = PBXGroup;
			children = (
				D2E62319215C8520002AE4DB /* UIView+QDFastFrame.h */,
				D2E6231A215C8520002AE4DB /* UIView+QDFastFrame.m */,
			);
			path = FastFrame;
			sourceTree = "<group>";
		};
		D2E62343215DDA11002AE4DB /* AvoidCrash */ = {
			isa = PBXGroup;
			children = (
				D2E62344215DDB77002AE4DB /* NullSafe.m */,
				D2E62365215DF513002AE4DB /* NSObject+AvoidCrash.m */,
			);
			path = AvoidCrash;
			sourceTree = "<group>";
		};
		D2E6236A215F1E9E002AE4DB /* DeviceTool */ = {
			isa = PBXGroup;
			children = (
				D2E6236B215F1ECD002AE4DB /* QDDeviceTool.h */,
				D2E6236C215F1ECD002AE4DB /* QDDeviceTool.m */,
			);
			path = DeviceTool;
			sourceTree = "<group>";
		};
		D2E6236E215F2496002AE4DB /* RegexValid */ = {
			isa = PBXGroup;
			children = (
				D2E6236F215F24B1002AE4DB /* NSString+RegexValid.h */,
				D2E62370215F24B1002AE4DB /* NSString+RegexValid.m */,
			);
			path = RegexValid;
			sourceTree = "<group>";
		};
		D2F5B7E421184775008F1DB9 = {
			isa = PBXGroup;
			children = (
				D2F5B7EF21184775008F1DB9 /* QDBase */,
				D2F5B80821184776008F1DB9 /* QDBaseTests */,
				D2F5B81321184776008F1DB9 /* QDBaseUITests */,
				D2F5B7EE21184775008F1DB9 /* Products */,
				3EC404E1EF24FDBE935608CA /* Pods */,
				5A9ADD1EE5969405124D2C1D /* Frameworks */,
			);
			sourceTree = "<group>";
		};
		D2F5B7EE21184775008F1DB9 /* Products */ = {
			isa = PBXGroup;
			children = (
				D2F5B7ED21184775008F1DB9 /* QDBase.app */,
				D2F5B80521184776008F1DB9 /* QDBaseTests.xctest */,
				D2F5B81021184776008F1DB9 /* QDBaseUITests.xctest */,
			);
			name = Products;
			sourceTree = "<group>";
		};
		D2F5B7EF21184775008F1DB9 /* QDBase */ = {
			isa = PBXGroup;
			children = (
				D2F5EF4E214A48F40036EE2F /* Classes */,
				D29C6C8E211AF9D2009CC81F /* Resource */,
			);
			path = QDBase;
			sourceTree = "<group>";
		};
		D2F5B80821184776008F1DB9 /* QDBaseTests */ = {
			isa = PBXGroup;
			children = (
				D2F5B80921184776008F1DB9 /* QDBaseTests.m */,
				D2F5B80B21184776008F1DB9 /* Info.plist */,
			);
			path = QDBaseTests;
			sourceTree = "<group>";
		};
		D2F5B81321184776008F1DB9 /* QDBaseUITests */ = {
			isa = PBXGroup;
			children = (
				D2F5B81421184776008F1DB9 /* QDBaseUITests.m */,
				D2F5B81621184776008F1DB9 /* Info.plist */,
			);
			path = QDBaseUITests;
			sourceTree = "<group>";
		};
		D2F5EEFB214A464E0036EE2F /* General */ = {
			isa = PBXGroup;
			children = (
				D2F5EF0D214A468A0036EE2F /* Base */,
				D2F5EF4F214A56620036EE2F /* CommonView */,
				D2F5EF01214A464E0036EE2F /* Macro */,
				D2F5EEFC214A464E0036EE2F /* Network */,
				D2F5EF07214A464E0036EE2F /* Singleton */,
				D2F5EF41214A48C10036EE2F /* Utils */,
			);
			path = General;
			sourceTree = "<group>";
		};
		D2F5EEFC214A464E0036EE2F /* Network */ = {
			isa = PBXGroup;
			children = (
				D2F5EF00214A464E0036EE2F /* NSObject+QDNetworkParameter.h */,
				D2F5EEFE214A464E0036EE2F /* NSObject+QDNetworkParameter.m */,
				D2F5EEFF214A464E0036EE2F /* QDNetworkWithCache.h */,
				D2F5EEFD214A464E0036EE2F /* QDNetworkWithCache.m */,
			);
			path = Network;
			sourceTree = "<group>";
		};
		D2F5EF01214A464E0036EE2F /* Macro */ = {
			isa = PBXGroup;
			children = (
				D2F3DF11215B6BE1009F06D8 /* APIMacro.h */,
				D2F3DF12215B6BF3009F06D8 /* EnumMacro.h */,
				D2F3DF13215B6C31009F06D8 /* ExtendMacro.h */,
				D2F3DF14215B6C56009F06D8 /* NameMacro.h */,
				D2F3DF15215B6C65009F06D8 /* NotificationNameMacro.h */,
				D2F3DF18215B6DC8009F06D8 /* PrefixHeader.pch */,
				D2F3DF17215B6D40009F06D8 /* UtilsMacro.h */,
				D2F3DF16215B6C98009F06D8 /* VendorConfigMacro.h */,
			);
			path = Macro;
			sourceTree = "<group>";
		};
		D2F5EF07214A464E0036EE2F /* Singleton */ = {
			isa = PBXGroup;
			children = (
				D2F5EF09214A464E0036EE2F /* QDCacheSingleton.h */,
				D2F5EF08214A464E0036EE2F /* QDCacheSingleton.m */,
			);
			path = Singleton;
			sourceTree = "<group>";
		};
		D2F5EF0D214A468A0036EE2F /* Base */ = {
			isa = PBXGroup;
			children = (
				D2F5EF16214A468B0036EE2F /* Controller */,
				D2F5EF1D214A468B0036EE2F /* Model */,
				D2F5EF0E214A468B0036EE2F /* Image */,
				D2F5EF20214A468B0036EE2F /* View */,
			);
			path = Base;
			sourceTree = "<group>";
		};
		D2F5EF0E214A468B0036EE2F /* Image */ = {
			isa = PBXGroup;
			children = (
				D2F5EF14214A468B0036EE2F /* 小关闭.png */,
				D2F5EF12214A468B0036EE2F /* 小关闭@2x.png */,
				D2F5EF11214A468B0036EE2F /* 小关闭@3x.png */,
				D2F5EF13214A468B0036EE2F /* close_02@2x.png */,
				D2F5EF15214A468B0036EE2F /* close_02@3x.png */,
				D2F5EF10214A468B0036EE2F /* left@2x.png */,
				D2F5EF0F214A468B0036EE2F /* left@3x.png */,
			);
			path = Image;
			sourceTree = "<group>";
		};
		D2F5EF16214A468B0036EE2F /* Controller */ = {
			isa = PBXGroup;
			children = (
				D2F5EF1B214A468B0036EE2F /* QDBaseTableViewController.h */,
				D2F5EF19214A468B0036EE2F /* QDBaseTableViewController.m */,
				D2F5EF18214A468B0036EE2F /* QDBaseViewController.h */,
				D2F5EF1C214A468B0036EE2F /* QDBaseViewController.m */,
				D2F5EF1A214A468B0036EE2F /* QDNavigationViewController.h */,
				D2F5EF17214A468B0036EE2F /* QDNavigationViewController.m */,
			);
			path = Controller;
			sourceTree = "<group>";
		};
		D2F5EF1D214A468B0036EE2F /* Model */ = {
			isa = PBXGroup;
			children = (
				D2F5EF1F214A468B0036EE2F /* NSObject+QDBaseModel.h */,
				D2F5EF1E214A468B0036EE2F /* NSObject+QDBaseModel.m */,
			);
			path = Model;
			sourceTree = "<group>";
		};
		D2F5EF20214A468B0036EE2F /* View */ = {
			isa = PBXGroup;
			children = (
				D2F5EF28214A468B0036EE2F /* QDNavigationBarView.h */,
				D2F5EF21214A468B0036EE2F /* QDNavigationBarView.m */,
				D2F5EF23214A468B0036EE2F /* QDRefresh */,
				D2F5EF29214A468B0036EE2F /* QDRequestResultView */,
				D2F5EF2C214A468B0036EE2F /* UITableViewCell+QDBaseTableViewCell.h */,
				D2F5EF22214A468B0036EE2F /* UITableViewCell+QDBaseTableViewCell.m */,
			);
			path = View;
			sourceTree = "<group>";
		};
		D2F5EF23214A468B0036EE2F /* QDRefresh */ = {
			isa = PBXGroup;
			children = (
				D2F5EF27214A468B0036EE2F /* QDRefreshFooter.h */,
				D2F5EF24214A468B0036EE2F /* QDRefreshFooter.m */,
				D2F5EF26214A468B0036EE2F /* QDRefreshHeader.h */,
				D2F5EF25214A468B0036EE2F /* QDRefreshHeader.m */,
			);
			path = QDRefresh;
			sourceTree = "<group>";
		};
		D2F5EF29214A468B0036EE2F /* QDRequestResultView */ = {
			isa = PBXGroup;
			children = (
				D2F5EF2B214A468B0036EE2F /* QDRequestResultView.h */,
				D2F5EF2A214A468B0036EE2F /* QDRequestResultView.m */,
			);
			path = QDRequestResultView;
			sourceTree = "<group>";
		};
		D2F5EF3D214A475A0036EE2F /* Factory */ = {
			isa = PBXGroup;
			children = (
				D2F5EF3F214A475A0036EE2F /* QDFactory.h */,
				D2F5EF3E214A475A0036EE2F /* QDFactory.m */,
			);
			path = Factory;
			sourceTree = "<group>";
		};
		D2F5EF41214A48C10036EE2F /* Utils */ = {
			isa = PBXGroup;
			children = (
				D25B4644216AF72800B818C7 /* GetViewController */,
				D2E6236E215F2496002AE4DB /* RegexValid */,
				D2E6236A215F1E9E002AE4DB /* DeviceTool */,
				D2E62343215DDA11002AE4DB /* AvoidCrash */,
				D2E62318215C850C002AE4DB /* FastFrame */,
				D2F5EF5D214B45590036EE2F /* QDDateTool */,
				D2F5EF42214A48C10036EE2F /* Encrypt+Decrypt */,
				D2F5EF3D214A475A0036EE2F /* Factory */,
				D2F5EF45214A48C10036EE2F /* FitTextFont */,
			);
			path = Utils;
			sourceTree = "<group>";
		};
		D2F5EF42214A48C10036EE2F /* Encrypt+Decrypt */ = {
			isa = PBXGroup;
			children = (
				D2F5EF50214A5AB10036EE2F /* AESCrypt */,
				D2E62375215F2B68002AE4DB /* NSObject+Encrypt.h */,
				D2E62376215F2B68002AE4DB /* NSObject+Encrypt.m */,
			);
			path = "Encrypt+Decrypt";
			sourceTree = "<group>";
		};
		D2F5EF45214A48C10036EE2F /* FitTextFont */ = {
			isa = PBXGroup;
			children = (
				D2F5EF49214A48C10036EE2F /* UIFont+FitTextFont.m */,
				D2F5EF48214A48C10036EE2F /* UIView+FitTextFont.m */,
			);
			path = FitTextFont;
			sourceTree = "<group>";
		};
		D2F5EF4E214A48F40036EE2F /* Classes */ = {
			isa = PBXGroup;
			children = (
				D2F5EEF6214A3BB50036EE2F /* TestTableViewCell.h */,
				D2F5EEF7214A3BB50036EE2F /* TestTableViewCell.m */,
				D2F5EEF8214A3BB50036EE2F /* TestTableViewCell.xib */,
				D2F5B7F321184775008F1DB9 /* ViewController.h */,
				D2F5B7F421184775008F1DB9 /* ViewController.m */,
				D2F5EEFB214A464E0036EE2F /* General */,
				D29C6C80211AF9A8009CC81F /* VendorLibraries */,
			);
			path = Classes;
			sourceTree = "<group>";
		};
		D2F5EF4F214A56620036EE2F /* CommonView */ = {
			isa = PBXGroup;
			children = (
				04E8C8D2215F974E0083FEFE /* QDHUD */,
				04E8C8C5215F97070083FEFE /* QDPickerView */,
				04E8C8C1215F96A90083FEFE /* QDActionSheet */,
			);
			path = CommonView;
			sourceTree = "<group>";
		};
		D2F5EF50214A5AB10036EE2F /* AESCrypt */ = {
			isa = PBXGroup;
			children = (
				D2F5EF55214A5AB10036EE2F /* AESCrypt.h */,
				D2F5EF52214A5AB10036EE2F /* AESCrypt.m */,
				D2F5EF53214A5AB10036EE2F /* NSData+Base64.h */,
				D2F5EF58214A5AB10036EE2F /* NSData+Base64.m */,
				D2F5EF54214A5AB10036EE2F /* NSData+CommonCrypto.h */,
				D2F5EF57214A5AB10036EE2F /* NSData+CommonCrypto.m */,
				D2F5EF56214A5AB10036EE2F /* NSString+Base64.h */,
				D2F5EF51214A5AB10036EE2F /* NSString+Base64.m */,
			);
			path = AESCrypt;
			sourceTree = "<group>";
		};
		D2F5EF5D214B45590036EE2F /* QDDateTool */ = {
			isa = PBXGroup;
			children = (
				D2F3DF09215B58B9009F06D8 /* QDDateTool.h */,
				D2F3DF0A215B58B9009F06D8 /* QDDateTool.m */,
			);
			path = QDDateTool;
			sourceTree = "<group>";
		};
/* End PBXGroup section */

/* Begin PBXNativeTarget section */
		D2F5B7EC21184775008F1DB9 /* QDBase */ = {
			isa = PBXNativeTarget;
			buildConfigurationList = D2F5B81921184776008F1DB9 /* Build configuration list for PBXNativeTarget "QDBase" */;
			buildPhases = (
				47C49A7D0D19D96E566B405D /* [CP] Check Pods Manifest.lock */,
				D2F5B7E921184775008F1DB9 /* Sources */,
				D2F5B7EA21184775008F1DB9 /* Frameworks */,
				D2F5B7EB21184775008F1DB9 /* Resources */,
				8BA42C2E44680F50E14AEF9D /* [CP] Copy Pods Resources */,
			);
			buildRules = (
			);
			dependencies = (
			);
			name = QDBase;
			productName = QDBase;
			productReference = D2F5B7ED21184775008F1DB9 /* QDBase.app */;
			productType = "com.apple.product-type.application";
		};
		D2F5B80421184776008F1DB9 /* QDBaseTests */ = {
			isa = PBXNativeTarget;
			buildConfigurationList = D2F5B81C21184776008F1DB9 /* Build configuration list for PBXNativeTarget "QDBaseTests" */;
			buildPhases = (
				D2F5B80121184776008F1DB9 /* Sources */,
				D2F5B80221184776008F1DB9 /* Frameworks */,
				D2F5B80321184776008F1DB9 /* Resources */,
			);
			buildRules = (
			);
			dependencies = (
				D2F5B80721184776008F1DB9 /* PBXTargetDependency */,
			);
			name = QDBaseTests;
			productName = QDBaseTests;
			productReference = D2F5B80521184776008F1DB9 /* QDBaseTests.xctest */;
			productType = "com.apple.product-type.bundle.unit-test";
		};
		D2F5B80F21184776008F1DB9 /* QDBaseUITests */ = {
			isa = PBXNativeTarget;
			buildConfigurationList = D2F5B81F21184776008F1DB9 /* Build configuration list for PBXNativeTarget "QDBaseUITests" */;
			buildPhases = (
				D2F5B80C21184776008F1DB9 /* Sources */,
				D2F5B80D21184776008F1DB9 /* Frameworks */,
				D2F5B80E21184776008F1DB9 /* Resources */,
			);
			buildRules = (
			);
			dependencies = (
				D2F5B81221184776008F1DB9 /* PBXTargetDependency */,
			);
			name = QDBaseUITests;
			productName = QDBaseUITests;
			productReference = D2F5B81021184776008F1DB9 /* QDBaseUITests.xctest */;
			productType = "com.apple.product-type.bundle.ui-testing";
		};
/* End PBXNativeTarget section */

/* Begin PBXProject section */
		D2F5B7E521184775008F1DB9 /* Project object */ = {
			isa = PBXProject;
			attributes = {
				CLASSPREFIX = QD;
				LastUpgradeCheck = 0940;
				ORGANIZATIONNAME = QiaoData;
				TargetAttributes = {
					D2F3DF0C215B6973009F06D8 = {
						CreatedOnToolsVersion = 9.4.1;
					};
					D2F5B7EC21184775008F1DB9 = {
						CreatedOnToolsVersion = 9.4.1;
					};
					D2F5B80421184776008F1DB9 = {
						CreatedOnToolsVersion = 9.4.1;
						TestTargetID = D2F5B7EC21184775008F1DB9;
					};
					D2F5B80F21184776008F1DB9 = {
						CreatedOnToolsVersion = 9.4.1;
						TestTargetID = D2F5B7EC21184775008F1DB9;
					};
				};
			};
			buildConfigurationList = D2F5B7E821184775008F1DB9 /* Build configuration list for PBXProject "QDBase" */;
			compatibilityVersion = "Xcode 8.0";
			developmentRegion = en;
			hasScannedForEncodings = 0;
			knownRegions = (
				en,
				Base,
			);
			mainGroup = D2F5B7E421184775008F1DB9;
			productRefGroup = D2F5B7EE21184775008F1DB9 /* Products */;
			projectDirPath = "";
			projectRoot = "";
			targets = (
				D2F5B7EC21184775008F1DB9 /* QDBase */,
				D2F5B80421184776008F1DB9 /* QDBaseTests */,
				D2F5B80F21184776008F1DB9 /* QDBaseUITests */,
				D2F3DF0C215B6973009F06D8 /* GenerateAppleDoc */,
			);
		};
/* End PBXProject section */

/* Begin PBXResourcesBuildPhase section */
		D2F5B7EB21184775008F1DB9 /* Resources */ = {
			isa = PBXResourcesBuildPhase;
			buildActionMask = 2147483647;
			files = (
				D2E6237B215F5ED8002AE4DB /* test.txt in Resources */,
				D2F5EF2D214A468B0036EE2F /* left@3x.png in Resources */,
				D2F5EF2F214A468B0036EE2F /* 小关闭@3x.png in Resources */,
				D29C6C9A211AF9D2009CC81F /* LaunchScreen.storyboard in Resources */,
				D29C6C9C211AF9D2009CC81F /* Assets.xcassets in Resources */,
				D29C6C9B211AF9D2009CC81F /* Main.storyboard in Resources */,
				D2F5EEFA214A3BB50036EE2F /* TestTableViewCell.xib in Resources */,
				D2F5EF31214A468B0036EE2F /* close_02@2x.png in Resources */,
				D2F5EF30214A468B0036EE2F /* 小关闭@2x.png in Resources */,
				D2F5EF2E214A468B0036EE2F /* left@2x.png in Resources */,
				D2F5EF32214A468B0036EE2F /* 小关闭.png in Resources */,
				D2F5EF33214A468B0036EE2F /* close_02@3x.png in Resources */,
			);
			runOnlyForDeploymentPostprocessing = 0;
		};
		D2F5B80321184776008F1DB9 /* Resources */ = {
			isa = PBXResourcesBuildPhase;
			buildActionMask = 2147483647;
			files = (
			);
			runOnlyForDeploymentPostprocessing = 0;
		};
		D2F5B80E21184776008F1DB9 /* Resources */ = {
			isa = PBXResourcesBuildPhase;
			buildActionMask = 2147483647;
			files = (
			);
			runOnlyForDeploymentPostprocessing = 0;
		};
/* End PBXResourcesBuildPhase section */

/* Begin PBXShellScriptBuildPhase section */
		47C49A7D0D19D96E566B405D /* [CP] Check Pods Manifest.lock */ = {
			isa = PBXShellScriptBuildPhase;
			buildActionMask = 2147483647;
			files = (
			);
			inputPaths = (
				"${PODS_PODFILE_DIR_PATH}/Podfile.lock",
				"${PODS_ROOT}/Manifest.lock",
			);
			name = "[CP] Check Pods Manifest.lock";
			outputPaths = (
				"$(DERIVED_FILE_DIR)/Pods-QDBase-checkManifestLockResult.txt",
			);
			runOnlyForDeploymentPostprocessing = 0;
			shellPath = /bin/sh;
			shellScript = "diff \"${PODS_PODFILE_DIR_PATH}/Podfile.lock\" \"${PODS_ROOT}/Manifest.lock\" > /dev/null\nif [ $? != 0 ] ; then\n    # print error to STDERR\n    echo \"error: The sandbox is not in sync with the Podfile.lock. Run 'pod install' or update your CocoaPods installation.\" >&2\n    exit 1\nfi\n# This output is used by Xcode 'outputs' to avoid re-running this script phase.\necho \"SUCCESS\" > \"${SCRIPT_OUTPUT_FILE_0}\"\n";
			showEnvVarsInLog = 0;
		};
		8BA42C2E44680F50E14AEF9D /* [CP] Copy Pods Resources */ = {
			isa = PBXShellScriptBuildPhase;
			buildActionMask = 2147483647;
			files = (
			);
			inputPaths = (
				"${SRCROOT}/Pods/Target Support Files/Pods-QDBase/Pods-QDBase-resources.sh",
				"${PODS_ROOT}/MJRefresh/MJRefresh/MJRefresh.bundle",
			);
			name = "[CP] Copy Pods Resources";
			outputPaths = (
				"${TARGET_BUILD_DIR}/${UNLOCALIZED_RESOURCES_FOLDER_PATH}/MJRefresh.bundle",
			);
			runOnlyForDeploymentPostprocessing = 0;
			shellPath = /bin/sh;
			shellScript = "\"${SRCROOT}/Pods/Target Support Files/Pods-QDBase/Pods-QDBase-resources.sh\"\n";
			showEnvVarsInLog = 0;
		};
		D2F3DF10215B697E009F06D8 /* GenerateDocShell */ = {
			isa = PBXShellScriptBuildPhase;
			buildActionMask = 2147483647;
			files = (
			);
			inputPaths = (
			);
			name = GenerateDocShell;
			outputPaths = (
			);
			runOnlyForDeploymentPostprocessing = 0;
			shellPath = /bin/sh;
			shellScript = "#appledoc Xcode script\n# Start constants\ncompany=\"QiaoData\";\ncompanyID=\"com.qiaodata\";\ncompanyURL=\"http://QiaoData.com\";\ntarget=\"iphoneos\";\noutputPath=\"ProjectDoc/\";\n# End constants\n/usr/local/bin/appledoc \\\n--project-name \"${PROJECT_NAME}\" \\\n--project-company \"${company}\" \\\n--company-id \"${companyID}\" \\\n--docset-atom-filename \"${company}.atom\" \\\n--docset-feed-url \"${companyURL}/${company}/%DOCSETATOMFILENAME\" \\\n--docset-package-url \"${companyURL}/${company}/%DOCSETPACKAGEFILENAME\" \\\n--docset-fallback-url \"${companyURL}/${company}\" \\\n--output \"${outputPath}\" \\\n--publish-docset \\\n--docset-platform-family \"${target}\" \\\n--logformat xcode \\\n--keep-intermediate-files \\\n--no-repeat-first-par \\\n--no-warn-invalid-crossref \\\n--ignore \"*.m\" \\\n--ignore \"Pods\" \\\n--ignore \"QDBase/Classes/VendorLibraries\" \\\n--exit-threshold 2 \\\n\"${PROJECT_DIR}\";";
		};
/* End PBXShellScriptBuildPhase section */

/* Begin PBXSourcesBuildPhase section */
		D2F5B7E921184775008F1DB9 /* Sources */ = {
			isa = PBXSourcesBuildPhase;
			buildActionMask = 2147483647;
			files = (
				D2E6236D215F1ECD002AE4DB /* QDDeviceTool.m in Sources */,
				D2F5EF35214A468B0036EE2F /* QDBaseTableViewController.m in Sources */,
				D2F5EF3A214A468B0036EE2F /* QDRefreshFooter.m in Sources */,
				D2F5EEF9214A3BB50036EE2F /* TestTableViewCell.m in Sources */,
				D25B4647216AF74900B818C7 /* UIView+QDGetViewController.m in Sources */,
				04E8C8E52160A72E0083FEFE /* QDDatePickerView.m in Sources */,
				D29C6C9F211AF9D2009CC81F /* AppDelegate.m in Sources */,
				04E8C8DF2160A29F0083FEFE /* QDSinglePickerView.m in Sources */,
				D2F5EF4C214A48C10036EE2F /* UIFont+FitTextFont.m in Sources */,
				D2F5EF4B214A48C10036EE2F /* UIView+FitTextFont.m in Sources */,
				D2F5EF38214A468B0036EE2F /* QDNavigationBarView.m in Sources */,
				D2F5EF59214A5AB10036EE2F /* NSString+Base64.m in Sources */,
				D2F5EF34214A468B0036EE2F /* QDNavigationViewController.m in Sources */,
				D2F5EF5B214A5AB10036EE2F /* NSData+CommonCrypto.m in Sources */,
				D2F5EF39214A468B0036EE2F /* UITableViewCell+QDBaseTableViewCell.m in Sources */,
				04E8C8E22160A2CA0083FEFE /* QDDoublePickerView.m in Sources */,
				D2F5EF0C214A464E0036EE2F /* QDCacheSingleton.m in Sources */,
				D2F5EF5A214A5AB10036EE2F /* AESCrypt.m in Sources */,
				D2F5EF0B214A464E0036EE2F /* NSObject+QDNetworkParameter.m in Sources */,
				D2F5EF5C214A5AB10036EE2F /* NSData+Base64.m in Sources */,
				D2F5EF0A214A464E0036EE2F /* QDNetworkWithCache.m in Sources */,
				D2F5EF36214A468B0036EE2F /* QDBaseViewController.m in Sources */,
				D2F3DF0B215B58B9009F06D8 /* QDDateTool.m in Sources */,
				D2E62377215F2B68002AE4DB /* NSObject+Encrypt.m in Sources */,
				D2E6231B215C8520002AE4DB /* UIView+QDFastFrame.m in Sources */,
				04E8C8D5215F974E0083FEFE /* QDHUD.m in Sources */,
				04E8C8C4215F96A90083FEFE /* QDActionSheet.m in Sources */,
				04E8C8D9215F98500083FEFE /* QDAnimationLayer.m in Sources */,
				D2E62345215DDB77002AE4DB /* NullSafe.m in Sources */,
				04E8C8DC2160738C0083FEFE /* QDBasePickerView.m in Sources */,
				D2E62371215F24B1002AE4DB /* NSString+RegexValid.m in Sources */,
				D2F5EF40214A475A0036EE2F /* QDFactory.m in Sources */,
				D2F5B7F521184775008F1DB9 /* ViewController.m in Sources */,
				D2F5EF3C214A468B0036EE2F /* QDRequestResultView.m in Sources */,
				D29C6C9E211AF9D2009CC81F /* main.m in Sources */,
				D2F5EF3B214A468B0036EE2F /* QDRefreshHeader.m in Sources */,
				D2F5EF37214A468B0036EE2F /* NSObject+QDBaseModel.m in Sources */,
				D2E62366215DF513002AE4DB /* NSObject+AvoidCrash.m in Sources */,
			);
			runOnlyForDeploymentPostprocessing = 0;
		};
		D2F5B80121184776008F1DB9 /* Sources */ = {
			isa = PBXSourcesBuildPhase;
			buildActionMask = 2147483647;
			files = (
				D2F5B80A21184776008F1DB9 /* QDBaseTests.m in Sources */,
			);
			runOnlyForDeploymentPostprocessing = 0;
		};
		D2F5B80C21184776008F1DB9 /* Sources */ = {
			isa = PBXSourcesBuildPhase;
			buildActionMask = 2147483647;
			files = (
				D2F5B81521184776008F1DB9 /* QDBaseUITests.m in Sources */,
			);
			runOnlyForDeploymentPostprocessing = 0;
		};
/* End PBXSourcesBuildPhase section */

/* Begin PBXTargetDependency section */
		D2F5B80721184776008F1DB9 /* PBXTargetDependency */ = {
			isa = PBXTargetDependency;
			target = D2F5B7EC21184775008F1DB9 /* QDBase */;
			targetProxy = D2F5B80621184776008F1DB9 /* PBXContainerItemProxy */;
		};
		D2F5B81221184776008F1DB9 /* PBXTargetDependency */ = {
			isa = PBXTargetDependency;
			target = D2F5B7EC21184775008F1DB9 /* QDBase */;
			targetProxy = D2F5B81121184776008F1DB9 /* PBXContainerItemProxy */;
		};
/* End PBXTargetDependency section */

/* Begin XCBuildConfiguration section */
		D2F3DF0E215B6973009F06D8 /* Debug */ = {
			isa = XCBuildConfiguration;
			buildSettings = {
				CODE_SIGN_STYLE = Automatic;
				DEVELOPMENT_TEAM = M9NTD8BLJW;
				PRODUCT_NAME = "$(TARGET_NAME)";
			};
			name = Debug;
		};
		D2F3DF0F215B6973009F06D8 /* Release */ = {
			isa = XCBuildConfiguration;
			buildSettings = {
				CODE_SIGN_STYLE = Automatic;
				DEVELOPMENT_TEAM = M9NTD8BLJW;
				PRODUCT_NAME = "$(TARGET_NAME)";
			};
			name = Release;
		};
		D2F5B81721184776008F1DB9 /* Debug */ = {
			isa = XCBuildConfiguration;
			buildSettings = {
				ALWAYS_SEARCH_USER_PATHS = NO;
				CLANG_ANALYZER_NONNULL = YES;
				CLANG_ANALYZER_NUMBER_OBJECT_CONVERSION = YES_AGGRESSIVE;
				CLANG_CXX_LANGUAGE_STANDARD = "gnu++14";
				CLANG_CXX_LIBRARY = "libc++";
				CLANG_ENABLE_MODULES = YES;
				CLANG_ENABLE_OBJC_ARC = YES;
				CLANG_ENABLE_OBJC_WEAK = YES;
				CLANG_WARN_BLOCK_CAPTURE_AUTORELEASING = YES;
				CLANG_WARN_BOOL_CONVERSION = YES;
				CLANG_WARN_COMMA = YES;
				CLANG_WARN_CONSTANT_CONVERSION = YES;
				CLANG_WARN_DEPRECATED_OBJC_IMPLEMENTATIONS = YES;
				CLANG_WARN_DIRECT_OBJC_ISA_USAGE = YES_ERROR;
				CLANG_WARN_DOCUMENTATION_COMMENTS = YES;
				CLANG_WARN_EMPTY_BODY = YES;
				CLANG_WARN_ENUM_CONVERSION = YES;
				CLANG_WARN_INFINITE_RECURSION = YES;
				CLANG_WARN_INT_CONVERSION = YES;
				CLANG_WARN_NON_LITERAL_NULL_CONVERSION = YES;
				CLANG_WARN_OBJC_IMPLICIT_RETAIN_SELF = YES;
				CLANG_WARN_OBJC_LITERAL_CONVERSION = YES;
				CLANG_WARN_OBJC_ROOT_CLASS = YES_ERROR;
				CLANG_WARN_RANGE_LOOP_ANALYSIS = YES;
				CLANG_WARN_STRICT_PROTOTYPES = YES;
				CLANG_WARN_SUSPICIOUS_MOVE = YES;
				CLANG_WARN_UNGUARDED_AVAILABILITY = YES_AGGRESSIVE;
				CLANG_WARN_UNREACHABLE_CODE = YES;
				CLANG_WARN__DUPLICATE_METHOD_MATCH = YES;
				CODE_SIGN_IDENTITY = "iPhone Developer";
				COPY_PHASE_STRIP = NO;
				DEBUG_INFORMATION_FORMAT = dwarf;
				ENABLE_STRICT_OBJC_MSGSEND = YES;
				ENABLE_TESTABILITY = YES;
				GCC_C_LANGUAGE_STANDARD = gnu11;
				GCC_DYNAMIC_NO_PIC = NO;
				GCC_NO_COMMON_BLOCKS = YES;
				GCC_OPTIMIZATION_LEVEL = 0;
				GCC_PREPROCESSOR_DEFINITIONS = (
					"DEBUG=1",
					"$(inherited)",
				);
				GCC_WARN_64_TO_32_BIT_CONVERSION = YES;
				GCC_WARN_ABOUT_RETURN_TYPE = YES_ERROR;
				GCC_WARN_UNDECLARED_SELECTOR = YES;
				GCC_WARN_UNINITIALIZED_AUTOS = YES_AGGRESSIVE;
				GCC_WARN_UNUSED_FUNCTION = YES;
				GCC_WARN_UNUSED_VARIABLE = YES;
				IPHONEOS_DEPLOYMENT_TARGET = 11.4;
				MTL_ENABLE_DEBUG_INFO = YES;
				ONLY_ACTIVE_ARCH = YES;
				SDKROOT = iphoneos;
			};
			name = Debug;
		};
		D2F5B81821184776008F1DB9 /* Release */ = {
			isa = XCBuildConfiguration;
			buildSettings = {
				ALWAYS_SEARCH_USER_PATHS = NO;
				CLANG_ANALYZER_NONNULL = YES;
				CLANG_ANALYZER_NUMBER_OBJECT_CONVERSION = YES_AGGRESSIVE;
				CLANG_CXX_LANGUAGE_STANDARD = "gnu++14";
				CLANG_CXX_LIBRARY = "libc++";
				CLANG_ENABLE_MODULES = YES;
				CLANG_ENABLE_OBJC_ARC = YES;
				CLANG_ENABLE_OBJC_WEAK = YES;
				CLANG_WARN_BLOCK_CAPTURE_AUTORELEASING = YES;
				CLANG_WARN_BOOL_CONVERSION = YES;
				CLANG_WARN_COMMA = YES;
				CLANG_WARN_CONSTANT_CONVERSION = YES;
				CLANG_WARN_DEPRECATED_OBJC_IMPLEMENTATIONS = YES;
				CLANG_WARN_DIRECT_OBJC_ISA_USAGE = YES_ERROR;
				CLANG_WARN_DOCUMENTATION_COMMENTS = YES;
				CLANG_WARN_EMPTY_BODY = YES;
				CLANG_WARN_ENUM_CONVERSION = YES;
				CLANG_WARN_INFINITE_RECURSION = YES;
				CLANG_WARN_INT_CONVERSION = YES;
				CLANG_WARN_NON_LITERAL_NULL_CONVERSION = YES;
				CLANG_WARN_OBJC_IMPLICIT_RETAIN_SELF = YES;
				CLANG_WARN_OBJC_LITERAL_CONVERSION = YES;
				CLANG_WARN_OBJC_ROOT_CLASS = YES_ERROR;
				CLANG_WARN_RANGE_LOOP_ANALYSIS = YES;
				CLANG_WARN_STRICT_PROTOTYPES = YES;
				CLANG_WARN_SUSPICIOUS_MOVE = YES;
				CLANG_WARN_UNGUARDED_AVAILABILITY = YES_AGGRESSIVE;
				CLANG_WARN_UNREACHABLE_CODE = YES;
				CLANG_WARN__DUPLICATE_METHOD_MATCH = YES;
				CODE_SIGN_IDENTITY = "iPhone Developer";
				COPY_PHASE_STRIP = NO;
				DEBUG_INFORMATION_FORMAT = "dwarf-with-dsym";
				ENABLE_NS_ASSERTIONS = NO;
				ENABLE_STRICT_OBJC_MSGSEND = YES;
				GCC_C_LANGUAGE_STANDARD = gnu11;
				GCC_NO_COMMON_BLOCKS = YES;
				GCC_WARN_64_TO_32_BIT_CONVERSION = YES;
				GCC_WARN_ABOUT_RETURN_TYPE = YES_ERROR;
				GCC_WARN_UNDECLARED_SELECTOR = YES;
				GCC_WARN_UNINITIALIZED_AUTOS = YES_AGGRESSIVE;
				GCC_WARN_UNUSED_FUNCTION = YES;
				GCC_WARN_UNUSED_VARIABLE = YES;
				IPHONEOS_DEPLOYMENT_TARGET = 11.4;
				MTL_ENABLE_DEBUG_INFO = NO;
				SDKROOT = iphoneos;
				VALIDATE_PRODUCT = YES;
			};
			name = Release;
		};
		D2F5B81A21184776008F1DB9 /* Debug */ = {
			isa = XCBuildConfiguration;
			baseConfigurationReference = 3514BEC65FBCD298805DBD52 /* Pods-QDBase.debug.xcconfig */;
			buildSettings = {
				ASSETCATALOG_COMPILER_APPICON_NAME = AppIcon;
				CODE_SIGN_STYLE = Automatic;
				DEVELOPMENT_TEAM = M9NTD8BLJW;
				GCC_PREFIX_HEADER = "$(SRCROOT)/QDBase/Classes/General/Macro/PrefixHeader.pch";
				INFOPLIST_FILE = "$(SRCROOT)/QDBase/Resource/Plists/Info.plist";
				IPHONEOS_DEPLOYMENT_TARGET = 9.0;
				LD_RUNPATH_SEARCH_PATHS = (
					"$(inherited)",
					"@executable_path/Frameworks",
				);
				PRODUCT_BUNDLE_IDENTIFIER = com.qiaodata.QDBase;
				PRODUCT_NAME = "$(TARGET_NAME)";
				TARGETED_DEVICE_FAMILY = "1,2";
			};
			name = Debug;
		};
		D2F5B81B21184776008F1DB9 /* Release */ = {
			isa = XCBuildConfiguration;
			baseConfigurationReference = CD72023648B635964038F48E /* Pods-QDBase.release.xcconfig */;
			buildSettings = {
				ASSETCATALOG_COMPILER_APPICON_NAME = AppIcon;
				CODE_SIGN_STYLE = Automatic;
				DEVELOPMENT_TEAM = M9NTD8BLJW;
				GCC_PREFIX_HEADER = "$(SRCROOT)/QDBase/Classes/General/Macro/PrefixHeader.pch";
				INFOPLIST_FILE = "$(SRCROOT)/QDBase/Resource/Plists/Info.plist";
				IPHONEOS_DEPLOYMENT_TARGET = 9.0;
				LD_RUNPATH_SEARCH_PATHS = (
					"$(inherited)",
					"@executable_path/Frameworks",
				);
				PRODUCT_BUNDLE_IDENTIFIER = com.qiaodata.QDBase;
				PRODUCT_NAME = "$(TARGET_NAME)";
				TARGETED_DEVICE_FAMILY = "1,2";
			};
			name = Release;
		};
		D2F5B81D21184776008F1DB9 /* Debug */ = {
			isa = XCBuildConfiguration;
			buildSettings = {
				BUNDLE_LOADER = "$(TEST_HOST)";
				CODE_SIGN_STYLE = Automatic;
				DEVELOPMENT_TEAM = M9NTD8BLJW;
				INFOPLIST_FILE = QDBaseTests/Info.plist;
				LD_RUNPATH_SEARCH_PATHS = (
					"$(inherited)",
					"@executable_path/Frameworks",
					"@loader_path/Frameworks",
				);
				PRODUCT_BUNDLE_IDENTIFIER = com.qiaodata.QDBaseTests;
				PRODUCT_NAME = "$(TARGET_NAME)";
				TARGETED_DEVICE_FAMILY = "1,2";
				TEST_HOST = "$(BUILT_PRODUCTS_DIR)/QDBase.app/QDBase";
			};
			name = Debug;
		};
		D2F5B81E21184776008F1DB9 /* Release */ = {
			isa = XCBuildConfiguration;
			buildSettings = {
				BUNDLE_LOADER = "$(TEST_HOST)";
				CODE_SIGN_STYLE = Automatic;
				DEVELOPMENT_TEAM = M9NTD8BLJW;
				INFOPLIST_FILE = QDBaseTests/Info.plist;
				LD_RUNPATH_SEARCH_PATHS = (
					"$(inherited)",
					"@executable_path/Frameworks",
					"@loader_path/Frameworks",
				);
				PRODUCT_BUNDLE_IDENTIFIER = com.qiaodata.QDBaseTests;
				PRODUCT_NAME = "$(TARGET_NAME)";
				TARGETED_DEVICE_FAMILY = "1,2";
				TEST_HOST = "$(BUILT_PRODUCTS_DIR)/QDBase.app/QDBase";
			};
			name = Release;
		};
		D2F5B82021184776008F1DB9 /* Debug */ = {
			isa = XCBuildConfiguration;
			buildSettings = {
				CODE_SIGN_STYLE = Automatic;
				DEVELOPMENT_TEAM = M9NTD8BLJW;
				INFOPLIST_FILE = QDBaseUITests/Info.plist;
				LD_RUNPATH_SEARCH_PATHS = (
					"$(inherited)",
					"@executable_path/Frameworks",
					"@loader_path/Frameworks",
				);
				PRODUCT_BUNDLE_IDENTIFIER = com.qiaodata.QDBaseUITests;
				PRODUCT_NAME = "$(TARGET_NAME)";
				TARGETED_DEVICE_FAMILY = "1,2";
				TEST_TARGET_NAME = QDBase;
			};
			name = Debug;
		};
		D2F5B82121184776008F1DB9 /* Release */ = {
			isa = XCBuildConfiguration;
			buildSettings = {
				CODE_SIGN_STYLE = Automatic;
				DEVELOPMENT_TEAM = M9NTD8BLJW;
				INFOPLIST_FILE = QDBaseUITests/Info.plist;
				LD_RUNPATH_SEARCH_PATHS = (
					"$(inherited)",
					"@executable_path/Frameworks",
					"@loader_path/Frameworks",
				);
				PRODUCT_BUNDLE_IDENTIFIER = com.qiaodata.QDBaseUITests;
				PRODUCT_NAME = "$(TARGET_NAME)";
				TARGETED_DEVICE_FAMILY = "1,2";
				TEST_TARGET_NAME = QDBase;
			};
			name = Release;
		};
/* End XCBuildConfiguration section */

/* Begin XCConfigurationList section */
		D2F3DF0D215B6973009F06D8 /* Build configuration list for PBXAggregateTarget "GenerateAppleDoc" */ = {
			isa = XCConfigurationList;
			buildConfigurations = (
				D2F3DF0E215B6973009F06D8 /* Debug */,
				D2F3DF0F215B6973009F06D8 /* Release */,
			);
			defaultConfigurationIsVisible = 0;
			defaultConfigurationName = Release;
		};
		D2F5B7E821184775008F1DB9 /* Build configuration list for PBXProject "QDBase" */ = {
			isa = XCConfigurationList;
			buildConfigurations = (
				D2F5B81721184776008F1DB9 /* Debug */,
				D2F5B81821184776008F1DB9 /* Release */,
			);
			defaultConfigurationIsVisible = 0;
			defaultConfigurationName = Release;
		};
		D2F5B81921184776008F1DB9 /* Build configuration list for PBXNativeTarget "QDBase" */ = {
			isa = XCConfigurationList;
			buildConfigurations = (
				D2F5B81A21184776008F1DB9 /* Debug */,
				D2F5B81B21184776008F1DB9 /* Release */,
			);
			defaultConfigurationIsVisible = 0;
			defaultConfigurationName = Release;
		};
		D2F5B81C21184776008F1DB9 /* Build configuration list for PBXNativeTarget "QDBaseTests" */ = {
			isa = XCConfigurationList;
			buildConfigurations = (
				D2F5B81D21184776008F1DB9 /* Debug */,
				D2F5B81E21184776008F1DB9 /* Release */,
			);
			defaultConfigurationIsVisible = 0;
			defaultConfigurationName = Release;
		};
		D2F5B81F21184776008F1DB9 /* Build configuration list for PBXNativeTarget "QDBaseUITests" */ = {
			isa = XCConfigurationList;
			buildConfigurations = (
				D2F5B82021184776008F1DB9 /* Debug */,
				D2F5B82121184776008F1DB9 /* Release */,
			);
			defaultConfigurationIsVisible = 0;
			defaultConfigurationName = Release;
		};
/* End XCConfigurationList section */
	};
	rootObject = D2F5B7E521184775008F1DB9 /* Project object */;
}
